
Microsoft Visual Studio Solution File, Format Version 12.00
# Visual Studio Version 16
VisualStudioVersion = 16.0.28803.202
MinimumVisualStudioVersion = 10.0.40219.1
Project("{FAE04EC0-301F-11D3-BF4B-00C04F79EFBC}") = "doc2pdf", "doc2pdf\doc2pdf.csproj", "{AEA9343E-F46C-4886-8CEA-59F5B5F6849A}"
EndProject
Global
	GlobalSection(SolutionConfigurationPlatforms) = preSolution
		Debug|Any CPU = Debug|Any CPU
		Release|Any CPU = Release|Any CPU
	EndGlobalSection
	GlobalSection(ProjectConfigurationPlatforms) = postSolution
		{AEA9343E-F46C-4886-8CEA-59F5B5F6849A}.Debug|Any CPU.ActiveCfg = Debug|Any CPU
		{AEA9343E-F46C-4886-8CEA-59F5B5F6849A}.Debug|Any CPU.Build.0 = Debug|Any CPU
		{AEA9343E-F46C-4886-8CEA-59F5B5F6849A}.Release|Any CPU.ActiveCfg = Release|Any CPU
		{AEA9343E-F46C-4886-8CEA-59F5B5F6849A}.Release|Any CPU.Build.0 = Release|Any CPU
	EndGlobalSection
	GlobalSection(SolutionProperties) = preSolution
		HideSolutionNode = FALSE
	EndGlobalSection
	GlobalSection(ExtensibilityGlobals) = postSolution
		SolutionGuid = {80F6405F-1ACC-404B-B1BA-15044F43E2F4}
	EndGlobalSection
EndGlobal
